// !$*UTF8*$!
{
	archiveVersion = 1;
	classes = {
	};
	objectVersion = 46;
	objects = {

/* Begin PBXBuildFile section */
		4FF2B090DC127A25B28BAFD7 /* Pods_DMKFormTests.framework in Frameworks */ = {isa = PBXBuildFile; fileRef = 21251AC1FF5A0EE5F118E018 /* Pods_DMKFormTests.framework */; };
		5B6683C3125B12AFA5DF672D /* Pods_DMKForm.framework in Frameworks */ = {isa = PBXBuildFile; fileRef = 993832D7B7ACDE2DB6F043C0 /* Pods_DMKForm.framework */; };
		638244241D447A27000E542A /* AppDelegate.swift in Sources */ = {isa = PBXBuildFile; fileRef = 638244231D447A27000E542A /* AppDelegate.swift */; };
		638244291D447A27000E542A /* Main.storyboard in Resources */ = {isa = PBXBuildFile; fileRef = 638244271D447A27000E542A /* Main.storyboard */; };
		6382442B1D447A27000E542A /* Assets.xcassets in Resources */ = {isa = PBXBuildFile; fileRef = 6382442A1D447A27000E542A /* Assets.xcassets */; };
		6382442E1D447A27000E542A /* LaunchScreen.storyboard in Resources */ = {isa = PBXBuildFile; fileRef = 6382442C1D447A27000E542A /* LaunchScreen.storyboard */; };
		638244391D447A27000E542A /* DMKFormTests.swift in Sources */ = {isa = PBXBuildFile; fileRef = 638244381D447A27000E542A /* DMKFormTests.swift */; };
		6395ACEC1D44E0CC00F83D3F /* ExampleFormViewController.swift in Sources */ = {isa = PBXBuildFile; fileRef = 6395ACEB1D44E0CC00F83D3F /* ExampleFormViewController.swift */; };
		63DD5DDC1D4A06770006A47E /* DMKButtonCell.swift in Sources */ = {isa = PBXBuildFile; fileRef = 63DD5DCA1D4A06770006A47E /* DMKButtonCell.swift */; };
		63DD5DDD1D4A06770006A47E /* DMKButtonCell.xib in Resources */ = {isa = PBXBuildFile; fileRef = 63DD5DCB1D4A06770006A47E /* DMKButtonCell.xib */; };
		63DD5DDE1D4A06770006A47E /* DMKDateCell.swift in Sources */ = {isa = PBXBuildFile; fileRef = 63DD5DCC1D4A06770006A47E /* DMKDateCell.swift */; };
		63DD5DDF1D4A06770006A47E /* DMKDateCell.xib in Resources */ = {isa = PBXBuildFile; fileRef = 63DD5DCD1D4A06770006A47E /* DMKDateCell.xib */; };
		63DD5DE01D4A06770006A47E /* DMKFormCell.swift in Sources */ = {isa = PBXBuildFile; fileRef = 63DD5DCE1D4A06770006A47E /* DMKFormCell.swift */; };
		63DD5DE11D4A06770006A47E /* DMKFormViewController.swift in Sources */ = {isa = PBXBuildFile; fileRef = 63DD5DCF1D4A06770006A47E /* DMKFormViewController.swift */; };
		63DD5DE21D4A06770006A47E /* DMKNameCell.swift in Sources */ = {isa = PBXBuildFile; fileRef = 63DD5DD01D4A06770006A47E /* DMKNameCell.swift */; };
		63DD5DE31D4A06770006A47E /* DMKNameCell.xib in Resources */ = {isa = PBXBuildFile; fileRef = 63DD5DD11D4A06770006A47E /* DMKNameCell.xib */; };
		63DD5DE41D4A06770006A47E /* DMKNumberFieldCell.swift in Sources */ = {isa = PBXBuildFile; fileRef = 63DD5DD21D4A06770006A47E /* DMKNumberFieldCell.swift */; };
		63DD5DE51D4A06770006A47E /* DMKNumberFieldCell.xib in Resources */ = {isa = PBXBuildFile; fileRef = 63DD5DD31D4A06770006A47E /* DMKNumberFieldCell.xib */; };
		63DD5DE61D4A06770006A47E /* DMKSegmentedCell.swift in Sources */ = {isa = PBXBuildFile; fileRef = 63DD5DD41D4A06770006A47E /* DMKSegmentedCell.swift */; };
		63DD5DE71D4A06770006A47E /* DMKSegmentedCell.xib in Resources */ = {isa = PBXBuildFile; fileRef = 63DD5DD51D4A06770006A47E /* DMKSegmentedCell.xib */; };
		63DD5DE81D4A06770006A47E /* DMKStepperCell.swift in Sources */ = {isa = PBXBuildFile; fileRef = 63DD5DD61D4A06770006A47E /* DMKStepperCell.swift */; };
		63DD5DE91D4A06770006A47E /* DMKStepperCell.xib in Resources */ = {isa = PBXBuildFile; fileRef = 63DD5DD71D4A06770006A47E /* DMKStepperCell.xib */; };
		63DD5DEA1D4A06770006A47E /* DMKTextfieldCell.swift in Sources */ = {isa = PBXBuildFile; fileRef = 63DD5DD81D4A06770006A47E /* DMKTextfieldCell.swift */; };
		63DD5DEB1D4A06770006A47E /* DMKTextfieldCell.xib in Resources */ = {isa = PBXBuildFile; fileRef = 63DD5DD91D4A06770006A47E /* DMKTextfieldCell.xib */; };
		63DD5DEC1D4A06770006A47E /* DMKTextViewCell.swift in Sources */ = {isa = PBXBuildFile; fileRef = 63DD5DDA1D4A06770006A47E /* DMKTextViewCell.swift */; };
		63DD5DED1D4A06770006A47E /* DMKTextViewCell.xib in Resources */ = {isa = PBXBuildFile; fileRef = 63DD5DDB1D4A06770006A47E /* DMKTextViewCell.xib */; };
/* End PBXBuildFile section */

/* Begin PBXContainerItemProxy section */
		638244351D447A27000E542A /* PBXContainerItemProxy */ = {
			isa = PBXContainerItemProxy;
			containerPortal = 638244181D447A26000E542A /* Project object */;
			proxyType = 1;
			remoteGlobalIDString = 6382441F1D447A27000E542A;
			remoteInfo = DMKForm;
		};
/* End PBXContainerItemProxy section */

/* Begin PBXFileReference section */
		21251AC1FF5A0EE5F118E018 /* Pods_DMKFormTests.framework */ = {isa = PBXFileReference; explicitFileType = wrapper.framework; includeInIndex = 0; path = Pods_DMKFormTests.framework; sourceTree = BUILT_PRODUCTS_DIR; };
		2B3B6A47E8D9DADF9EA8ECC4 /* Pods-DMKFormTests.debug.xcconfig */ = {isa = PBXFileReference; includeInIndex = 1; lastKnownFileType = text.xcconfig; name = "Pods-DMKFormTests.debug.xcconfig"; path = "Pods/Target Support Files/Pods-DMKFormTests/Pods-DMKFormTests.debug.xcconfig"; sourceTree = "<group>"; };
		638244201D447A27000E542A /* DMKForm.app */ = {isa = PBXFileReference; explicitFileType = wrapper.application; includeInIndex = 0; path = DMKForm.app; sourceTree = BUILT_PRODUCTS_DIR; };
		638244231D447A27000E542A /* AppDelegate.swift */ = {isa = PBXFileReference; lastKnownFileType = sourcecode.swift; path = AppDelegate.swift; sourceTree = "<group>"; };
		638244281D447A27000E542A /* Base */ = {isa = PBXFileReference; lastKnownFileType = file.storyboard; name = Base; path = Base.lproj/Main.storyboard; sourceTree = "<group>"; };
		6382442A1D447A27000E542A /* Assets.xcassets */ = {isa = PBXFileReference; lastKnownFileType = folder.assetcatalog; path = Assets.xcassets; sourceTree = "<group>"; };
		6382442D1D447A27000E542A /* Base */ = {isa = PBXFileReference; lastKnownFileType = file.storyboard; name = Base; path = Base.lproj/LaunchScreen.storyboard; sourceTree = "<group>"; };
		6382442F1D447A27000E542A /* Info.plist */ = {isa = PBXFileReference; lastKnownFileType = text.plist.xml; path = Info.plist; sourceTree = "<group>"; };
		638244341D447A27000E542A /* DMKFormTests.xctest */ = {isa = PBXFileReference; explicitFileType = wrapper.cfbundle; includeInIndex = 0; path = DMKFormTests.xctest; sourceTree = BUILT_PRODUCTS_DIR; };
		638244381D447A27000E542A /* DMKFormTests.swift */ = {isa = PBXFileReference; lastKnownFileType = sourcecode.swift; path = DMKFormTests.swift; sourceTree = "<group>"; };
		6382443A1D447A27000E542A /* Info.plist */ = {isa = PBXFileReference; lastKnownFileType = text.plist.xml; path = Info.plist; sourceTree = "<group>"; };
		6395ACEB1D44E0CC00F83D3F /* ExampleFormViewController.swift */ = {isa = PBXFileReference; fileEncoding = 4; lastKnownFileType = sourcecode.swift; path = ExampleFormViewController.swift; sourceTree = "<group>"; };
		63DD5DCA1D4A06770006A47E /* DMKButtonCell.swift */ = {isa = PBXFileReference; fileEncoding = 4; lastKnownFileType = sourcecode.swift; path = DMKButtonCell.swift; sourceTree = "<group>"; };
		63DD5DCB1D4A06770006A47E /* DMKButtonCell.xib */ = {isa = PBXFileReference; fileEncoding = 4; lastKnownFileType = file.xib; path = DMKButtonCell.xib; sourceTree = "<group>"; };
		63DD5DCC1D4A06770006A47E /* DMKDateCell.swift */ = {isa = PBXFileReference; fileEncoding = 4; lastKnownFileType = sourcecode.swift; path = DMKDateCell.swift; sourceTree = "<group>"; };
		63DD5DCD1D4A06770006A47E /* DMKDateCell.xib */ = {isa = PBXFileReference; fileEncoding = 4; lastKnownFileType = file.xib; path = DMKDateCell.xib; sourceTree = "<group>"; };
		63DD5DCE1D4A06770006A47E /* DMKFormCell.swift */ = {isa = PBXFileReference; fileEncoding = 4; lastKnownFileType = sourcecode.swift; path = DMKFormCell.swift; sourceTree = "<group>"; };
		63DD5DCF1D4A06770006A47E /* DMKFormViewController.swift */ = {isa = PBXFileReference; fileEncoding = 4; lastKnownFileType = sourcecode.swift; path = DMKFormViewController.swift; sourceTree = "<group>"; };
		63DD5DD01D4A06770006A47E /* DMKNameCell.swift */ = {isa = PBXFileReference; fileEncoding = 4; lastKnownFileType = sourcecode.swift; path = DMKNameCell.swift; sourceTree = "<group>"; };
		63DD5DD11D4A06770006A47E /* DMKNameCell.xib */ = {isa = PBXFileReference; fileEncoding = 4; lastKnownFileType = file.xib; path = DMKNameCell.xib; sourceTree = "<group>"; };
		63DD5DD21D4A06770006A47E /* DMKNumberFieldCell.swift */ = {isa = PBXFileReference; fileEncoding = 4; lastKnownFileType = sourcecode.swift; path = DMKNumberFieldCell.swift; sourceTree = "<group>"; };
		63DD5DD31D4A06770006A47E /* DMKNumberFieldCell.xib */ = {isa = PBXFileReference; fileEncoding = 4; lastKnownFileType = file.xib; path = DMKNumberFieldCell.xib; sourceTree = "<group>"; };
		63DD5DD41D4A06770006A47E /* DMKSegmentedCell.swift */ = {isa = PBXFileReference; fileEncoding = 4; lastKnownFileType = sourcecode.swift; path = DMKSegmentedCell.swift; sourceTree = "<group>"; };
		63DD5DD51D4A06770006A47E /* DMKSegmentedCell.xib */ = {isa = PBXFileReference; fileEncoding = 4; lastKnownFileType = file.xib; path = DMKSegmentedCell.xib; sourceTree = "<group>"; };
		63DD5DD61D4A06770006A47E /* DMKStepperCell.swift */ = {isa = PBXFileReference; fileEncoding = 4; lastKnownFileType = sourcecode.swift; path = DMKStepperCell.swift; sourceTree = "<group>"; };
		63DD5DD71D4A06770006A47E /* DMKStepperCell.xib */ = {isa = PBXFileReference; fileEncoding = 4; lastKnownFileType = file.xib; path = DMKStepperCell.xib; sourceTree = "<group>"; };
		63DD5DD81D4A06770006A47E /* DMKTextfieldCell.swift */ = {isa = PBXFileReference; fileEncoding = 4; lastKnownFileType = sourcecode.swift; path = DMKTextfieldCell.swift; sourceTree = "<group>"; };
		63DD5DD91D4A06770006A47E /* DMKTextfieldCell.xib */ = {isa = PBXFileReference; fileEncoding = 4; lastKnownFileType = file.xib; path = DMKTextfieldCell.xib; sourceTree = "<group>"; };
		63DD5DDA1D4A06770006A47E /* DMKTextViewCell.swift */ = {isa = PBXFileReference; fileEncoding = 4; lastKnownFileType = sourcecode.swift; path = DMKTextViewCell.swift; sourceTree = "<group>"; };
		63DD5DDB1D4A06770006A47E /* DMKTextViewCell.xib */ = {isa = PBXFileReference; fileEncoding = 4; lastKnownFileType = file.xib; path = DMKTextViewCell.xib; sourceTree = "<group>"; };
		993832D7B7ACDE2DB6F043C0 /* Pods_DMKForm.framework */ = {isa = PBXFileReference; explicitFileType = wrapper.framework; includeInIndex = 0; path = Pods_DMKForm.framework; sourceTree = BUILT_PRODUCTS_DIR; };
		A4638A02B43D077D64C43903 /* Pods-DMKForm.debug.xcconfig */ = {isa = PBXFileReference; includeInIndex = 1; lastKnownFileType = text.xcconfig; name = "Pods-DMKForm.debug.xcconfig"; path = "Pods/Target Support Files/Pods-DMKForm/Pods-DMKForm.debug.xcconfig"; sourceTree = "<group>"; };
		A763A3CF4FA83D0EA24C99F7 /* Pods-DMKForm.release.xcconfig */ = {isa = PBXFileReference; includeInIndex = 1; lastKnownFileType = text.xcconfig; name = "Pods-DMKForm.release.xcconfig"; path = "Pods/Target Support Files/Pods-DMKForm/Pods-DMKForm.release.xcconfig"; sourceTree = "<group>"; };
		D399601F93D8D11B638509F7 /* Pods-DMKFormTests.release.xcconfig */ = {isa = PBXFileReference; includeInIndex = 1; lastKnownFileType = text.xcconfig; name = "Pods-DMKFormTests.release.xcconfig"; path = "Pods/Target Support Files/Pods-DMKFormTests/Pods-DMKFormTests.release.xcconfig"; sourceTree = "<group>"; };
/* End PBXFileReference section */

/* Begin PBXFrameworksBuildPhase section */
		6382441D1D447A27000E542A /* Frameworks */ = {
			isa = PBXFrameworksBuildPhase;
			buildActionMask = 2147483647;
			files = (
				5B6683C3125B12AFA5DF672D /* Pods_DMKForm.framework in Frameworks */,
			);
			runOnlyForDeploymentPostprocessing = 0;
		};
		638244311D447A27000E542A /* Frameworks */ = {
			isa = PBXFrameworksBuildPhase;
			buildActionMask = 2147483647;
			files = (
				4FF2B090DC127A25B28BAFD7 /* Pods_DMKFormTests.framework in Frameworks */,
			);
			runOnlyForDeploymentPostprocessing = 0;
		};
/* End PBXFrameworksBuildPhase section */

/* Begin PBXGroup section */
		1E85B0860573A55BF7E06CD0 /* Pods */ = {
			isa = PBXGroup;
			children = (
				A4638A02B43D077D64C43903 /* Pods-DMKForm.debug.xcconfig */,
				A763A3CF4FA83D0EA24C99F7 /* Pods-DMKForm.release.xcconfig */,
				2B3B6A47E8D9DADF9EA8ECC4 /* Pods-DMKFormTests.debug.xcconfig */,
				D399601F93D8D11B638509F7 /* Pods-DMKFormTests.release.xcconfig */,
			);
			name = Pods;
			sourceTree = "<group>";
		};
		638244171D447A26000E542A = {
			isa = PBXGroup;
			children = (
				638244221D447A27000E542A /* DMKForm */,
				638244371D447A27000E542A /* DMKFormTests */,
				638244211D447A27000E542A /* Products */,
				1E85B0860573A55BF7E06CD0 /* Pods */,
				846FCBE5C6BC0A2EB8E6745C /* Frameworks */,
			);
			sourceTree = "<group>";
		};
		638244211D447A27000E542A /* Products */ = {
			isa = PBXGroup;
			children = (
				638244201D447A27000E542A /* DMKForm.app */,
				638244341D447A27000E542A /* DMKFormTests.xctest */,
			);
			name = Products;
			sourceTree = "<group>";
		};
		638244221D447A27000E542A /* DMKForm */ = {
			isa = PBXGroup;
			children = (
				638244231D447A27000E542A /* AppDelegate.swift */,
				6395ACEB1D44E0CC00F83D3F /* ExampleFormViewController.swift */,
				63DD5DC91D4A06770006A47E /* DMKForm */,
				638244271D447A27000E542A /* Main.storyboard */,
				6382442A1D447A27000E542A /* Assets.xcassets */,
				6382442C1D447A27000E542A /* LaunchScreen.storyboard */,
				6382442F1D447A27000E542A /* Info.plist */,
			);
			path = DMKForm;
			sourceTree = "<group>";
		};
		638244371D447A27000E542A /* DMKFormTests */ = {
			isa = PBXGroup;
			children = (
				638244381D447A27000E542A /* DMKFormTests.swift */,
				6382443A1D447A27000E542A /* Info.plist */,
			);
			path = DMKFormTests;
			sourceTree = "<group>";
		};
		63DD5DC91D4A06770006A47E /* DMKForm */ = {
			isa = PBXGroup;
			children = (
				63DD5DCA1D4A06770006A47E /* DMKButtonCell.swift */,
				63DD5DCB1D4A06770006A47E /* DMKButtonCell.xib */,
				63DD5DCC1D4A06770006A47E /* DMKDateCell.swift */,
				63DD5DCD1D4A06770006A47E /* DMKDateCell.xib */,
				63DD5DCE1D4A06770006A47E /* DMKFormCell.swift */,
				63DD5DCF1D4A06770006A47E /* DMKFormViewController.swift */,
				63DD5DD01D4A06770006A47E /* DMKNameCell.swift */,
				63DD5DD11D4A06770006A47E /* DMKNameCell.xib */,
				63DD5DD21D4A06770006A47E /* DMKNumberFieldCell.swift */,
				63DD5DD31D4A06770006A47E /* DMKNumberFieldCell.xib */,
				63DD5DD41D4A06770006A47E /* DMKSegmentedCell.swift */,
				63DD5DD51D4A06770006A47E /* DMKSegmentedCell.xib */,
				63DD5DD61D4A06770006A47E /* DMKStepperCell.swift */,
				63DD5DD71D4A06770006A47E /* DMKStepperCell.xib */,
				63DD5DD81D4A06770006A47E /* DMKTextfieldCell.swift */,
				63DD5DD91D4A06770006A47E /* DMKTextfieldCell.xib */,
				63DD5DDA1D4A06770006A47E /* DMKTextViewCell.swift */,
				63DD5DDB1D4A06770006A47E /* DMKTextViewCell.xib */,
			);
			path = DMKForm;
			sourceTree = "<group>";
		};
		846FCBE5C6BC0A2EB8E6745C /* Frameworks */ = {
			isa = PBXGroup;
			children = (
				993832D7B7ACDE2DB6F043C0 /* Pods_DMKForm.framework */,
				21251AC1FF5A0EE5F118E018 /* Pods_DMKFormTests.framework */,
			);
			name = Frameworks;
			sourceTree = "<group>";
		};
/* End PBXGroup section */

/* Begin PBXNativeTarget section */
		6382441F1D447A27000E542A /* DMKForm */ = {
			isa = PBXNativeTarget;
			buildConfigurationList = 6382443D1D447A27000E542A /* Build configuration list for PBXNativeTarget "DMKForm" */;
			buildPhases = (
				7F3BF006843CC3104592DA0C /* [CP] Check Pods Manifest.lock */,
				6382441C1D447A27000E542A /* Sources */,
				6382441D1D447A27000E542A /* Frameworks */,
				6382441E1D447A27000E542A /* Resources */,
				58A9AC14371896D5F4415BDC /* [CP] Embed Pods Frameworks */,
				12A16F48D10631F8CA3294D9 /* [CP] Copy Pods Resources */,
			);
			buildRules = (
			);
			dependencies = (
			);
			name = DMKForm;
			productName = DMKForm;
			productReference = 638244201D447A27000E542A /* DMKForm.app */;
			productType = "com.apple.product-type.application";
		};
		638244331D447A27000E542A /* DMKFormTests */ = {
			isa = PBXNativeTarget;
			buildConfigurationList = 638244401D447A27000E542A /* Build configuration list for PBXNativeTarget "DMKFormTests" */;
			buildPhases = (
				F536EDF6C5C6535BE86436B8 /* [CP] Check Pods Manifest.lock */,
				638244301D447A27000E542A /* Sources */,
				638244311D447A27000E542A /* Frameworks */,
				638244321D447A27000E542A /* Resources */,
				14E5083914C8AAFD61EE674C /* [CP] Embed Pods Frameworks */,
				FB33ACF57FA3DEFAB9A3AAAC /* [CP] Copy Pods Resources */,
			);
			buildRules = (
			);
			dependencies = (
				638244361D447A27000E542A /* PBXTargetDependency */,
			);
			name = DMKFormTests;
			productName = DMKFormTests;
			productReference = 638244341D447A27000E542A /* DMKFormTests.xctest */;
			productType = "com.apple.product-type.bundle.unit-test";
		};
/* End PBXNativeTarget section */

/* Begin PBXProject section */
		638244181D447A26000E542A /* Project object */ = {
			isa = PBXProject;
			attributes = {
				LastSwiftUpdateCheck = 0730;
				LastUpgradeCheck = 0730;
				ORGANIZATIONNAME = "Peerasak Unsakon";
				TargetAttributes = {
					6382441F1D447A27000E542A = {
						CreatedOnToolsVersion = 7.3.1;
						DevelopmentTeam = JL47A9ESW6;
					};
					638244331D447A27000E542A = {
						CreatedOnToolsVersion = 7.3.1;
						TestTargetID = 6382441F1D447A27000E542A;
					};
				};
			};
			buildConfigurationList = 6382441B1D447A26000E542A /* Build configuration list for PBXProject "DMKForm" */;
			compatibilityVersion = "Xcode 3.2";
			developmentRegion = English;
			hasScannedForEncodings = 0;
			knownRegions = (
				en,
				Base,
			);
			mainGroup = 638244171D447A26000E542A;
			productRefGroup = 638244211D447A27000E542A /* Products */;
			projectDirPath = "";
			projectRoot = "";
			targets = (
				6382441F1D447A27000E542A /* DMKForm */,
				638244331D447A27000E542A /* DMKFormTests */,
			);
		};
/* End PBXProject section */

/* Begin PBXResourcesBuildPhase section */
		6382441E1D447A27000E542A /* Resources */ = {
			isa = PBXResourcesBuildPhase;
			buildActionMask = 2147483647;
			files = (
				63DD5DED1D4A06770006A47E /* DMKTextViewCell.xib in Resources */,
				6382442E1D447A27000E542A /* LaunchScreen.storyboard in Resources */,
				63DD5DE51D4A06770006A47E /* DMKNumberFieldCell.xib in Resources */,
				63DD5DEB1D4A06770006A47E /* DMKTextfieldCell.xib in Resources */,
				6382442B1D447A27000E542A /* Assets.xcassets in Resources */,
				63DD5DDF1D4A06770006A47E /* DMKDateCell.xib in Resources */,
				63DD5DDD1D4A06770006A47E /* DMKButtonCell.xib in Resources */,
				63DD5DE71D4A06770006A47E /* DMKSegmentedCell.xib in Resources */,
				63DD5DE91D4A06770006A47E /* DMKStepperCell.xib in Resources */,
				638244291D447A27000E542A /* Main.storyboard in Resources */,
				63DD5DE31D4A06770006A47E /* DMKNameCell.xib in Resources */,
			);
			runOnlyForDeploymentPostprocessing = 0;
		};
		638244321D447A27000E542A /* Resources */ = {
			isa = PBXResourcesBuildPhase;
			buildActionMask = 2147483647;
			files = (
			);
			runOnlyForDeploymentPostprocessing = 0;
		};
/* End PBXResourcesBuildPhase section */

/* Begin PBXShellScriptBuildPhase section */
		12A16F48D10631F8CA3294D9 /* [CP] Copy Pods Resources */ = {
			isa = PBXShellScriptBuildPhase;
			buildActionMask = 2147483647;
			files = (
			);
			inputPaths = (
			);
			name = "[CP] Copy Pods Resources";
			outputPaths = (
			);
			runOnlyForDeploymentPostprocessing = 0;
			shellPath = /bin/sh;
			shellScript = "\"${SRCROOT}/Pods/Target Support Files/Pods-DMKForm/Pods-DMKForm-resources.sh\"\n";
			showEnvVarsInLog = 0;
		};
		14E5083914C8AAFD61EE674C /* [CP] Embed Pods Frameworks */ = {
			isa = PBXShellScriptBuildPhase;
			buildActionMask = 2147483647;
			files = (
			);
			inputPaths = (
			);
			name = "[CP] Embed Pods Frameworks";
			outputPaths = (
			);
			runOnlyForDeploymentPostprocessing = 0;
			shellPath = /bin/sh;
			shellScript = "\"${SRCROOT}/Pods/Target Support Files/Pods-DMKFormTests/Pods-DMKFormTests-frameworks.sh\"\n";
			showEnvVarsInLog = 0;
		};
		58A9AC14371896D5F4415BDC /* [CP] Embed Pods Frameworks */ = {
			isa = PBXShellScriptBuildPhase;
			buildActionMask = 2147483647;
			files = (
			);
			inputPaths = (
			);
			name = "[CP] Embed Pods Frameworks";
			outputPaths = (
			);
			runOnlyForDeploymentPostprocessing = 0;
			shellPath = /bin/sh;
			shellScript = "\"${SRCROOT}/Pods/Target Support Files/Pods-DMKForm/Pods-DMKForm-frameworks.sh\"\n";
			showEnvVarsInLog = 0;
		};
		7F3BF006843CC3104592DA0C /* [CP] Check Pods Manifest.lock */ = {
			isa = PBXShellScriptBuildPhase;
			buildActionMask = 2147483647;
			files = (
			);
			inputPaths = (
			);
			name = "[CP] Check Pods Manifest.lock";
			outputPaths = (
			);
			runOnlyForDeploymentPostprocessing = 0;
			shellPath = /bin/sh;
			shellScript = "diff \"${PODS_ROOT}/../Podfile.lock\" \"${PODS_ROOT}/Manifest.lock\" > /dev/null\nif [[ $? != 0 ]] ; then\n    cat << EOM\nerror: The sandbox is not in sync with the Podfile.lock. Run 'pod install' or update your CocoaPods installation.\nEOM\n    exit 1\nfi\n";
			showEnvVarsInLog = 0;
		};
		F536EDF6C5C6535BE86436B8 /* [CP] Check Pods Manifest.lock */ = {
			isa = PBXShellScriptBuildPhase;
			buildActionMask = 2147483647;
			files = (
			);
			inputPaths = (
			);
			name = "[CP] Check Pods Manifest.lock";
			outputPaths = (
			);
			runOnlyForDeploymentPostprocessing = 0;
			shellPath = /bin/sh;
			shellScript = "diff \"${PODS_ROOT}/../Podfile.lock\" \"${PODS_ROOT}/Manifest.lock\" > /dev/null\nif [[ $? != 0 ]] ; then\n    cat << EOM\nerror: The sandbox is not in sync with the Podfile.lock. Run 'pod install' or update your CocoaPods installation.\nEOM\n    exit 1\nfi\n";
			showEnvVarsInLog = 0;
		};
		FB33ACF57FA3DEFAB9A3AAAC /* [CP] Copy Pods Resources */ = {
			isa = PBXShellScriptBuildPhase;
			buildActionMask = 2147483647;
			files = (
			);
			inputPaths = (
			);
			name = "[CP] Copy Pods Resources";
			outputPaths = (
			);
			runOnlyForDeploymentPostprocessing = 0;
			shellPath = /bin/sh;
			shellScript = "\"${SRCROOT}/Pods/Target Support Files/Pods-DMKFormTests/Pods-DMKFormTests-resources.sh\"\n";
			showEnvVarsInLog = 0;
		};
/* End PBXShellScriptBuildPhase section */

/* Begin PBXSourcesBuildPhase section */
		6382441C1D447A27000E542A /* Sources */ = {
			isa = PBXSourcesBuildPhase;
			buildActionMask = 2147483647;
			files = (
				6395ACEC1D44E0CC00F83D3F /* ExampleFormViewController.swift in Sources */,
				638244241D447A27000E542A /* AppDelegate.swift in Sources */,
				63DD5DE21D4A06770006A47E /* DMKNameCell.swift in Sources */,
				63DD5DDE1D4A06770006A47E /* DMKDateCell.swift in Sources */,
				63DD5DE81D4A06770006A47E /* DMKStepperCell.swift in Sources */,
				63DD5DEA1D4A06770006A47E /* DMKTextfieldCell.swift in Sources */,
				63DD5DE41D4A06770006A47E /* DMKNumberFieldCell.swift in Sources */,
				63DD5DE61D4A06770006A47E /* DMKSegmentedCell.swift in Sources */,
				63DD5DEC1D4A06770006A47E /* DMKTextViewCell.swift in Sources */,
				63DD5DE11D4A06770006A47E /* DMKFormViewController.swift in Sources */,
				63DD5DDC1D4A06770006A47E /* DMKButtonCell.swift in Sources */,
				63DD5DE01D4A06770006A47E /* DMKFormCell.swift in Sources */,
			);
			runOnlyForDeploymentPostprocessing = 0;
		};
		638244301D447A27000E542A /* Sources */ = {
			isa = PBXSourcesBuildPhase;
			buildActionMask = 2147483647;
			files = (
				638244391D447A27000E542A /* DMKFormTests.swift in Sources */,
			);
			runOnlyForDeploymentPostprocessing = 0;
		};
/* End PBXSourcesBuildPhase section */

/* Begin PBXTargetDependency section */
		638244361D447A27000E542A /* PBXTargetDependency */ = {
			isa = PBXTargetDependency;
			target = 6382441F1D447A27000E542A /* DMKForm */;
			targetProxy = 638244351D447A27000E542A /* PBXContainerItemProxy */;
		};
/* End PBXTargetDependency section */

/* Begin PBXVariantGroup section */
		638244271D447A27000E542A /* Main.storyboard */ = {
			isa = PBXVariantGroup;
			children = (
				638244281D447A27000E542A /* Base */,
			);
			name = Main.storyboard;
			sourceTree = "<group>";
		};
		6382442C1D447A27000E542A /* LaunchScreen.storyboard */ = {
			isa = PBXVariantGroup;
			children = (
				6382442D1D447A27000E542A /* Base */,
			);
			name = LaunchScreen.storyboard;
			sourceTree = "<group>";
		};
/* End PBXVariantGroup section */

/* Begin XCBuildConfiguration section */
		6382443B1D447A27000E542A /* Debug */ = {
			isa = XCBuildConfiguration;
			buildSettings = {
				ALWAYS_SEARCH_USER_PATHS = NO;
				CLANG_ANALYZER_NONNULL = YES;
				CLANG_CXX_LANGUAGE_STANDARD = "gnu++0x";
				CLANG_CXX_LIBRARY = "libc++";
				CLANG_ENABLE_MODULES = YES;
				CLANG_ENABLE_OBJC_ARC = YES;
				CLANG_WARN_BOOL_CONVERSION = YES;
				CLANG_WARN_CONSTANT_CONVERSION = YES;
				CLANG_WARN_DIRECT_OBJC_ISA_USAGE = YES_ERROR;
				CLANG_WARN_EMPTY_BODY = YES;
				CLANG_WARN_ENUM_CONVERSION = YES;
				CLANG_WARN_INT_CONVERSION = YES;
				CLANG_WARN_OBJC_ROOT_CLASS = YES_ERROR;
				CLANG_WARN_UNREACHABLE_CODE = YES;
				CLANG_WARN__DUPLICATE_METHOD_MATCH = YES;
				"CODE_SIGN_IDENTITY[sdk=iphoneos*]" = "iPhone Developer";
				COPY_PHASE_STRIP = NO;
				DEBUG_INFORMATION_FORMAT = dwarf;
				ENABLE_STRICT_OBJC_MSGSEND = YES;
				ENABLE_TESTABILITY = YES;
				GCC_C_LANGUAGE_STANDARD = gnu99;
				GCC_DYNAMIC_NO_PIC = NO;
				GCC_NO_COMMON_BLOCKS = YES;
				GCC_OPTIMIZATION_LEVEL = 0;
				GCC_PREPROCESSOR_DEFINITIONS = (
					"DEBUG=1",
					"$(inherited)",
				);
				GCC_WARN_64_TO_32_BIT_CONVERSION = YES;
				GCC_WARN_ABOUT_RETURN_TYPE = YES_ERROR;
				GCC_WARN_UNDECLARED_SELECTOR = YES;
				GCC_WARN_UNINITIALIZED_AUTOS = YES_AGGRESSIVE;
				GCC_WARN_UNUSED_FUNCTION = YES;
				GCC_WARN_UNUSED_VARIABLE = YES;
				IPHONEOS_DEPLOYMENT_TARGET = 9.3;
				MTL_ENABLE_DEBUG_INFO = YES;
				ONLY_ACTIVE_ARCH = YES;
				SDKROOT = iphoneos;
				SWIFT_OPTIMIZATION_LEVEL = "-Onone";
				TARGETED_DEVICE_FAMILY = "1,2";
			};
			name = Debug;
		};
		6382443C1D447A27000E542A /* Release */ = {
			isa = XCBuildConfiguration;
			buildSettings = {
				ALWAYS_SEARCH_USER_PATHS = NO;
				CLANG_ANALYZER_NONNULL = YES;
				CLANG_CXX_LANGUAGE_STANDARD = "gnu++0x";
				CLANG_CXX_LIBRARY = "libc++";
				CLANG_ENABLE_MODULES = YES;
				CLANG_ENABLE_OBJC_ARC = YES;
				CLANG_WARN_BOOL_CONVERSION = YES;
				CLANG_WARN_CONSTANT_CONVERSION = YES;
				CLANG_WARN_DIRECT_OBJC_ISA_USAGE = YES_ERROR;
				CLANG_WARN_EMPTY_BODY = YES;
				CLANG_WARN_ENUM_CONVERSION = YES;
				CLANG_WARN_INT_CONVERSION = YES;
				CLANG_WARN_OBJC_ROOT_CLASS = YES_ERROR;
				CLANG_WARN_UNREACHABLE_CODE = YES;
				CLANG_WARN__DUPLICATE_METHOD_MATCH = YES;
				"CODE_SIGN_IDENTITY[sdk=iphoneos*]" = "iPhone Developer";
				COPY_PHASE_STRIP = NO;
				DEBUG_INFORMATION_FORMAT = "dwarf-with-dsym";
				ENABLE_NS_ASSERTIONS = NO;
				ENABLE_STRICT_OBJC_MSGSEND = YES;
				GCC_C_LANGUAGE_STANDARD = gnu99;
				GCC_NO_COMMON_BLOCKS = YES;
				GCC_WARN_64_TO_32_BIT_CONVERSION = YES;
				GCC_WARN_ABOUT_RETURN_TYPE = YES_ERROR;
				GCC_WARN_UNDECLARED_SELECTOR = YES;
				GCC_WARN_UNINITIALIZED_AUTOS = YES_AGGRESSIVE;
				GCC_WARN_UNUSED_FUNCTION = YES;
				GCC_WARN_UNUSED_VARIABLE = YES;
				IPHONEOS_DEPLOYMENT_TARGET = 9.3;
				MTL_ENABLE_DEBUG_INFO = NO;
				SDKROOT = iphoneos;
				TARGETED_DEVICE_FAMILY = "1,2";
				VALIDATE_PRODUCT = YES;
			};
			name = Release;
		};
		6382443E1D447A27000E542A /* Debug */ = {
			isa = XCBuildConfiguration;
			baseConfigurationReference = A4638A02B43D077D64C43903 /* Pods-DMKForm.debug.xcconfig */;
			buildSettings = {
				ASSETCATALOG_COMPILER_APPICON_NAME = AppIcon;
				CODE_SIGN_IDENTITY = "iPhone Developer";
				"CODE_SIGN_IDENTITY[sdk=iphoneos*]" = "iPhone Developer";
				INFOPLIST_FILE = DMKForm/Info.plist;
				LD_RUNPATH_SEARCH_PATHS = "$(inherited) @executable_path/Frameworks";
				PRODUCT_BUNDLE_IDENTIFIER = com.peerasak.DMKForm;
				PRODUCT_NAME = "$(TARGET_NAME)";
				PROVISIONING_PROFILE = "";
			};
			name = Debug;
		};
		6382443F1D447A27000E542A /* Release */ = {
			isa = XCBuildConfiguration;
			baseConfigurationReference = A763A3CF4FA83D0EA24C99F7 /* Pods-DMKForm.release.xcconfig */;
			buildSettings = {
				ASSETCATALOG_COMPILER_APPICON_NAME = AppIcon;
				CODE_SIGN_IDENTITY = "iPhone Developer";
				"CODE_SIGN_IDENTITY[sdk=iphoneos*]" = "iPhone Developer";
				INFOPLIST_FILE = DMKForm/Info.plist;
				LD_RUNPATH_SEARCH_PATHS = "$(inherited) @executable_path/Frameworks";
				PRODUCT_BUNDLE_IDENTIFIER = com.peerasak.DMKForm;
				PRODUCT_NAME = "$(TARGET_NAME)";
				PROVISIONING_PROFILE = "";
			};
			name = Release;
		};
		638244411D447A27000E542A /* Debug */ = {
			isa = XCBuildConfiguration;
			baseConfigurationReference = 2B3B6A47E8D9DADF9EA8ECC4 /* Pods-DMKFormTests.debug.xcconfig */;
			buildSettings = {
				BUNDLE_LOADER = "$(TEST_HOST)";
				INFOPLIST_FILE = DMKFormTests/Info.plist;
				LD_RUNPATH_SEARCH_PATHS = "$(inherited) @executable_path/Frameworks @loader_path/Frameworks";
				PRODUCT_BUNDLE_IDENTIFIER = com.peerasak.DMKFormTests;
				PRODUCT_NAME = "$(TARGET_NAME)";
				TEST_HOST = "$(BUILT_PRODUCTS_DIR)/DMKForm.app/DMKForm";
			};
			name = Debug;
		};
		638244421D447A27000E542A /* Release */ = {
			isa = XCBuildConfiguration;
			baseConfigurationReference = D399601F93D8D11B638509F7 /* Pods-DMKFormTests.release.xcconfig */;
			buildSettings = {
				BUNDLE_LOADER = "$(TEST_HOST)";
				INFOPLIST_FILE = DMKFormTests/Info.plist;
				LD_RUNPATH_SEARCH_PATHS = "$(inherited) @executable_path/Frameworks @loader_path/Frameworks";
				PRODUCT_BUNDLE_IDENTIFIER = com.peerasak.DMKFormTests;
				PRODUCT_NAME = "$(TARGET_NAME)";
				TEST_HOST = "$(BUILT_PRODUCTS_DIR)/DMKForm.app/DMKForm";
			};
			name = Release;
		};
/* End XCBuildConfiguration section */

/* Begin XCConfigurationList section */
		6382441B1D447A26000E542A /* Build configuration list for PBXProject "DMKForm" */ = {
			isa = XCConfigurationList;
			buildConfigurations = (
				6382443B1D447A27000E542A /* Debug */,
				6382443C1D447A27000E542A /* Release */,
			);
			defaultConfigurationIsVisible = 0;
			defaultConfigurationName = Release;
		};
		6382443D1D447A27000E542A /* Build configuration list for PBXNativeTarget "DMKForm" */ = {
			isa = XCConfigurationList;
			buildConfigurations = (
				6382443E1D447A27000E542A /* Debug */,
				6382443F1D447A27000E542A /* Release */,
			);
			defaultConfigurationIsVisible = 0;
			defaultConfigurationName = Release;
		};
		638244401D447A27000E542A /* Build configuration list for PBXNativeTarget "DMKFormTests" */ = {
			isa = XCConfigurationList;
			buildConfigurations = (
				638244411D447A27000E542A /* Debug */,
				638244421D447A27000E542A /* Release */,
			);
			defaultConfigurationIsVisible = 0;
			defaultConfigurationName = Release;
		};
/* End XCConfigurationList section */
	};
	rootObject = 638244181D447A26000E542A /* Project object */;
}
